
Microsoft Visual Studio Solution File, Format Version 12.00
# Visual Studio Version 17
VisualStudioVersion = 17.4.33103.184
MinimumVisualStudioVersion = 10.0.40219.1
Project("{9A19103F-16F7-4668-BE54-9A1E7A4F7556}") = "CulinaryBlog_milukovakatya", "CulinaryBlog_milukovakatya.csproj", "{4EFEEC4A-B0AB-4122-9A8E-96858030B30D}"
EndProject
Global
	GlobalSection(SolutionConfigurationPlatforms) = preSolution
		Debug|Any CPU = Debug|Any CPU
		Release|Any CPU = Release|Any CPU
	EndGlobalSection
	GlobalSection(ProjectConfigurationPlatforms) = postSolution
		{4EFEEC4A-B0AB-4122-9A8E-96858030B30D}.Debug|Any CPU.ActiveCfg = Debug|Any CPU
		{4EFEEC4A-B0AB-4122-9A8E-96858030B30D}.Debug|Any CPU.Build.0 = Debug|Any CPU
		{4EFEEC4A-B0AB-4122-9A8E-96858030B30D}.Release|Any CPU.ActiveCfg = Release|Any CPU
		{4EFEEC4A-B0AB-4122-9A8E-96858030B30D}.Release|Any CPU.Build.0 = Release|Any CPU
	EndGlobalSection
	GlobalSection(SolutionProperties) = preSolution
		HideSolutionNode = FALSE
	EndGlobalSection
	GlobalSection(ExtensibilityGlobals) = postSolution
		SolutionGuid = {C9835BEE-178E-4FDB-A4B1-C568E5519CCC}
	EndGlobalSection
EndGlobal
